github.com/DanielOaks/go-idn v0.0.0-20160120021903-76db0e10dc65/go.mod h1:GYIaL2hleNQvfMUBTes1Zd/lDTyI/p2hv3kYB4jssyU=
github.com/goshuirc/eventmgr v0.0.0-20170615162049-060479027c93/go.mod h1:bjJFM4iZJWTf9Rka9sNuI3GxszJqFeu5r1r15ZVtemo=
github.com/goshuirc/irc-go v0.0.0-20210221041243-7516151d4c10 h1:aiiCIqAl8kX8JTG3y9GjY+uJ1R2yhNqmb6d5sCm22kw=
github.com/goshuirc/irc-go v0.0.0-20210221041243-7516151d4c10/go.mod h1:q/JhvvKLmif3y9q8MDQM+gRCnjEKnu5ClF298TTXJug=
github.com/goshuirc/irc-go v0.0.0-20210222010959-6e139f6c42e9 h1:A1mSQ0N5Kx8i+aeqeQ0VLbq3swuH0R/JoQcFcR9yUWA=
github.com/goshuirc/irc-go v0.0.0-20210222010959-6e139f6c42e9/go.mod h1:q/JhvvKLmif3y9q8MDQM+gRCnjEKnu5ClF298TTXJug=
github.com/goshuirc/irc-go v0.0.0-20210223005429-8d38e43fc6ed h1:cwwqHrmLafgEucSMC9PmFOA671dc4bEZ5z6FsamnBY8=
github.com/goshuirc/irc-go v0.0.0-20210223005429-8d38e43fc6ed/go.mod h1:q/JhvvKLmif3y9q8MDQM+gRCnjEKnu5ClF298TTXJug=
github.com/goshuirc/irc-go v0.0.0-20210223231804-a1973eec96e5 h1:E1Dhjq8yCTc1Pxbx85YqjSB/Xq1qcO6LIdkUgqqWTKY=
github.com/goshuirc/irc-go v0.0.0-20210223231804-a1973eec96e5/go.mod h1:q/JhvvKLmif3y9q8MDQM+gRCnjEKnu5ClF298TTXJug=
github.com/goshuirc/irc-go v0.0.0-20210301234705-d39993c07499 h1:c579v77zPQiEl+vYnvArVeRm2kKkbOxFTMbgLYobAAc=
github.com/goshuirc/irc-go v0.0.0-20210301234705-d39993c07499/go.mod h1:q/JhvvKLmif3y9q8MDQM+gRCnjEKnu5ClF298TTXJug=
github.com/goshuirc/irc-go v0.0.0-20210303192343-78fec0a07efd h1:S9Nbf+JygHx4CFXZtnvjonQXPNJqxFgWzuM32Ar4Ft4=
github.com/goshuirc/irc-go v0.0.0-20210303192343-78fec0a07efd/go.mod h1:q/JhvvKLmif3y9q8MDQM+gRCnjEKnu5ClF298TTXJug=
github.com/goshuirc/irc-go v0.0.0-20210304031553-cf78e9176f96 h1:sihI3HsrJWyS4MtBmxh5W4gDZD34SWodkWyUvJltswY=
github.com/goshuirc/irc-go v0.0.0-20210304031553-cf78e9176f96/go.mod h1:q/JhvvKLmif3y9q8MDQM+gRCnjEKnu5ClF298TTXJug=
github.com/goshuirc/irc-go v0.0.0-20210310191925-4d7631f681de h1:DUFSd09HCGSEwQXzybBqgX3Jggtq0YYlqKdr/58wMxk=
github.com/goshuirc/irc-go v0.0.0-20210310191925-4d7631f681de/go.mod h1:q/JhvvKLmif3y9q8MDQM+gRCnjEKnu5ClF298TTXJug=
github.com/goshuirc/irc-go v0.0.0-20210311004346-ea7a188a73fe h1:5UsPgeXJBkFgJK3Ml0nj6ljasjd26xiUxALnDJHmipE=
github.com/goshuirc/irc-go v0.0.0-20210311004346-ea7a188a73fe/go.mod h1:q/JhvvKLmif3y9q8MDQM+gRCnjEKnu5ClF298TTXJug=
github.com/goshuirc/irc-go v0.0.0-20210317062430-f3d1c7c2945e h1:MeRnVf2MnuF9xZfQm2xy0zsSUZtgprc3qw3J/u0fpyY=
github.com/goshuirc/irc-go v0.0.0-20210317062430-f3d1c7c2945e/go.mod h1:q/JhvvKLmif3y9q8MDQM+gRCnjEKnu5ClF298TTXJug=
github.com/goshuirc/irc-go v0.0.0-20210318074529-bdc2c2cd2fef h1:07e6GcSuNh1BoZJigrvaJSpe2PsYJgkYETOuGKpM2co=
github.com/goshuirc/irc-go v0.0.0-20210318074529-bdc2c2cd2fef/go.mod h1:q/JhvvKLmif3y9q8MDQM+gRCnjEKnu5ClF298TTXJug=
github.com/goshuirc/irc-go v0.0.0-20210423154142-de8a22cda2aa h1:3MNzu4oP7qQ5IlpbdOxHfeiC3EPw2OR0QH/7lqIIePc=
github.com/goshuirc/irc-go v0.0.0-20210423154142-de8a22cda2aa/go.mod h1:q/JhvvKLmif3y9q8MDQM+gRCnjEKnu5ClF298TTXJug=
golang.org/x/text v0.3.2/go.mod h1:bEr9sfX3Q8Zfm5fL9x+3itogRgK3+ptLWKqgva+5dAk=
golang.org/x/tools v0.0.0-20180917221912-90fa682c2a6e/go.mod h1:n7NCudcB/nEzxVGmLbDWY5pfWTLqBcC2KZ6jyYvM4mQ=
